{
  "version": 4,
  "terraform_version": "1.8.0",
  "serial": 16,
  "lineage": "4db5e618-3eb2-44f2-7b52-9baaf4bf0a86",
  "outputs": {
    "nats_url": {
      "value": "nats://nats.mnq.fr-par.scaleway.com:4222",
      "type": "string"
    }
  },
  "resources": [
    {
      "mode": "data",
      "type": "archive_file",
      "name": "function_zip",
      "provider": "provider[\"registry.terraform.io/hashicorp/archive\"]",
      "instances": [
        {
          "schema_version": 0,
          "attributes": {
            "exclude_symlink_directories": null,
            "excludes": null,
            "id": "1e081a7be17a4f20c22fe794f8cfd068c2fd90f6",
            "output_base64sha256": "mHGH5PyVEIHa0xmkg4XIWv26r9mSbcTd1Q1jsUc9m1g=",
            "output_base64sha512": "q2N6wSUnGxf3BK6dA+lIEEeqtUkyvSiz5r42ajFgVHqwEgqesaJy+gizuc02tWf98waKjC3ynODYHoDkdYXhOQ==",
            "output_file_mode": null,
            "output_md5": "37fb6764c8a9b8b3b4886fad75b1b6a3",
            "output_path": "./function.zip",
            "output_sha": "1e081a7be17a4f20c22fe794f8cfd068c2fd90f6",
            "output_sha256": "987187e4fc951081dad319a48385c85afdbaafd9926dc4ddd50d63b1473d9b58",
            "output_sha512": "ab637ac125271b17f704ae9d03e9481047aab54932bd28b3e6be366a3160547ab0120a9eb1a272fa08b3b9cd36b567fdf3068a8c2df29ce0d81e80e47585e139",
            "output_size": 61406112,
            "source": [],
            "source_content": null,
            "source_content_filename": null,
            "source_dir": "./function/dist",
            "source_file": null,
            "type": "zip"
          },
          "sensitive_attributes": []
        }
      ]
    },
    {
      "mode": "managed",
      "type": "local_file",
      "name": "nats_credential",
      "provider": "provider[\"registry.terraform.io/hashicorp/local\"]",
      "instances": [
        {
          "schema_version": 0,
          "attributes": {
            "content": "-----BEGIN NATS USER JWT-----\neyJ0eXAiOiJKV1QiLCJhbGciOiJlZDI1NTE5LW5rZXkifQ.eyJqdGkiOiJHMlpXRkdGWklIWE1aRDRWSVQzNzRPVkFMS00yQklYN1lDQUhBTFhNUUZDTU9RTDNVNzJBIiwiaWF0IjoxNzE1MTQyNTc3LCJpc3MiOiJBQ0k1UElRV1dFUjdLVlFVNkU3Vk42Wjc2M09RN0lGUEhKV0lYVFpCVk1ORllXRFFPTTVFVzJSVSIsIm5hbWUiOiJuYXRzLWhlbGxvLWNyZWRzIiwic3ViIjoiVUNKN1dCTUFBTVVIWkZNSURGTlRaS0RQRjVSRVJGWTVBREdVR05NNEZDU0xKS0ZITlZHWVg0UTYiLCJuYXRzIjp7InB1YiI6e30sInN1YiI6e30sInN1YnMiOi0xLCJkYXRhIjotMSwicGF5bG9hZCI6LTEsImlzc3Vlcl9hY2NvdW50IjoiQURGNEk1TUNKRExKWFVMWE8yQ1dUS01SWFFIM01XQUdQM1VDQlVWUTNYM1czQU5DQlBBV1U1N0kiLCJ0eXBlIjoidXNlciIsInZlcnNpb24iOjJ9fQ.sFi3PRDjE6ayM6UXwnsfB0A5Gio90VaNFJAb1LaXmgxLYIpEClRDx2naUX1FdhYhqBusTYNH3Y0nIZG04tfUCQ\n------END NATS USER JWT------\n\n************************* IMPORTANT *************************\nNKEY Seed printed below can be used to sign and prove identity.\nNKEYs are sensitive and should be treated as secrets.\n\n-----BEGIN USER NKEY SEED-----\nSUAMTXDMUAML4R64MF7IURAXE4BVKMO2EGXKBYTJU5KX3RQR7BX6WT726Y\n------END USER NKEY SEED------\n\n*************************************************************\n",
            "content_base64": null,
            "content_base64sha256": "7+EYjif3eNWZAHcSSHSNxTFgCHwYz2arbJUdNX9Uvqk=",
            "content_base64sha512": "eobpW3Onx/1V7nXVtNdzk3XEilnMYJI2ClpKhYtEInL5g3v1zdGh4pGke9SddgAoYt/ofZ2tCy4lco1IhAu7MA==",
            "content_md5": "2bdb313e360680842af5c319712283f4",
            "content_sha1": "f93a957706cb19d8fa3f99a2963a6c36499d9ef0",
            "content_sha256": "efe1188e27f778d59900771248748dc53160087c18cf66ab6c951d357f54bea9",
            "content_sha512": "7a86e95b73a7c7fd55ee75d5b4d7739375c48a59cc6092360a5a4a858b442272f9837bf5cdd1a1e291a47bd49d76002862dfe87d9dad0b2e25728d48840bbb30",
            "directory_permission": "0777",
            "file_permission": "644",
            "filename": "nats.creds",
            "id": "f93a957706cb19d8fa3f99a2963a6c36499d9ef0",
            "sensitive_content": null,
            "source": null
          },
          "sensitive_attributes": [
            [
              {
                "type": "get_attr",
                "value": "sensitive_content"
              }
            ]
          ],
          "dependencies": [
            "scaleway_mnq_nats_account.hello",
            "scaleway_mnq_nats_credentials.hello"
          ]
        }
      ]
    },
    {
      "mode": "managed",
      "type": "scaleway_function",
      "name": "hello",
      "provider": "provider[\"registry.terraform.io/scaleway/scaleway\"]",
      "instances": [
        {
          "schema_version": 0,
          "attributes": {
            "cpu_limit": 1120,
            "deploy": true,
            "description": "",
            "domain_name": "hellonamespaceiwnehfxv-hello.functions.fnc.fr-par.scw.cloud",
            "environment_variables": {
              "DATABASE_URL": "postgresql://user:pasword@host:5432/schema",
              "any_var": "Test VAR"
            },
            "handler": "handler/hello.handle",
            "http_option": "enabled",
            "id": "fr-par/d84edaf3-5f73-4c6e-8665-96b171e7381e",
            "max_scale": 20,
            "memory_limit": 2048,
            "min_scale": 0,
            "name": "hello",
            "namespace_id": "ac809afc-71ce-4bdf-9a7d-244f181d3cb6",
            "organization_id": null,
            "privacy": "public",
            "project_id": null,
            "region": "fr-par",
            "runtime": "node16",
            "secret_environment_variables": {
              "ACCESS_KEY_ID": "SCWR11NYHHSQJ05NDYCB",
              "SECRET_ACCESS_KEY": "cdf31324-3909-416e-a17d-49a29f8c08f5"
            },
            "timeout": 300,
            "timeouts": null,
            "zip_file": "function.zip",
            "zip_hash": "987187e4fc951081dad319a48385c85afdbaafd9926dc4ddd50d63b1473d9b58"
          },
          "sensitive_attributes": [
            [
              {
                "type": "get_attr",
                "value": "environment_variables"
              },
              {
                "type": "index",
                "value": {
                  "value": "DATABASE_URL",
                  "type": "string"
                }
              }
            ],
            [
              {
                "type": "get_attr",
                "value": "environment_variables"
              },
              {
                "type": "index",
                "value": {
                  "value": "any_var",
                  "type": "string"
                }
              }
            ],
            [
              {
                "type": "get_attr",
                "value": "secret_environment_variables"
              }
            ],
            [
              {
                "type": "get_attr",
                "value": "secret_environment_variables"
              },
              {
                "type": "index",
                "value": {
                  "value": "ACCESS_KEY_ID",
                  "type": "string"
                }
              }
            ],
            [
              {
                "type": "get_attr",
                "value": "secret_environment_variables"
              },
              {
                "type": "index",
                "value": {
                  "value": "SECRET_ACCESS_KEY",
                  "type": "string"
                }
              }
            ]
          ],
          "private": "eyJlMmJmYjczMC1lY2FhLTExZTYtOGY4OC0zNDM2M2JjN2M0YzAiOnsiY3JlYXRlIjo5MDAwMDAwMDAwMDAsImRlZmF1bHQiOjkwMDAwMDAwMDAwMCwiZGVsZXRlIjo5MDAwMDAwMDAwMDAsInJlYWQiOjkwMDAwMDAwMDAwMCwidXBkYXRlIjo5MDAwMDAwMDAwMDB9fQ==",
          "dependencies": [
            "data.archive_file.function_zip",
            "scaleway_function_namespace.hello"
          ]
        }
      ]
    },
    {
      "mode": "managed",
      "type": "scaleway_function_namespace",
      "name": "hello",
      "provider": "provider[\"registry.terraform.io/scaleway/scaleway\"]",
      "instances": [
        {
          "schema_version": 0,
          "attributes": {
            "description": "hello namespace",
            "environment_variables": {},
            "id": "fr-par/ac809afc-71ce-4bdf-9a7d-244f181d3cb6",
            "name": "hello-namespace",
            "organization_id": "25997adc-9bec-4e3f-b0a3-142f2f5829d5",
            "project_id": "25997adc-9bec-4e3f-b0a3-142f2f5829d5",
            "region": "fr-par",
            "registry_endpoint": "rg.fr-par.scw.cloud/funcscwhellonamespaceiwnehfxv",
            "registry_namespace_id": "ab655009-2639-43f4-a964-00d4ac5dde11",
            "secret_environment_variables": null,
            "timeouts": null
          },
          "sensitive_attributes": [
            [
              {
                "type": "get_attr",
                "value": "secret_environment_variables"
              }
            ],
            [
              {
                "type": "get_attr",
                "value": "project_id"
              }
            ]
          ],
          "private": "eyJlMmJmYjczMC1lY2FhLTExZTYtOGY4OC0zNDM2M2JjN2M0YzAiOnsiY3JlYXRlIjozMDAwMDAwMDAwMDAsImRlZmF1bHQiOjMwMDAwMDAwMDAwMCwiZGVsZXRlIjozMDAwMDAwMDAwMDAsInJlYWQiOjMwMDAwMDAwMDAwMCwidXBkYXRlIjozMDAwMDAwMDAwMDB9fQ=="
        }
      ]
    },
    {
      "mode": "managed",
      "type": "scaleway_function_trigger",
      "name": "hello",
      "provider": "provider[\"registry.terraform.io/scaleway/scaleway\"]",
      "instances": [
        {
          "schema_version": 0,
          "attributes": {
            "description": "",
            "function_id": "fr-par/d84edaf3-5f73-4c6e-8665-96b171e7381e",
            "id": "fr-par/01c6f9a6-45d3-409c-bd6c-1902c3b04154",
            "name": "hello-nats-trigger",
            "nats": [
              {
                "account_id": "fr-par/ADF4I5MCJDLJXULXO2CWTKMRXQH3MWAGP3UCBUVQ3X3W3ANCBPAWU57I",
                "project_id": "25997adc-9bec-4e3f-b0a3-142f2f5829d5",
                "region": "fr-par",
                "subject": "hello-nats"
              }
            ],
            "region": null,
            "sqs": [],
            "timeouts": null
          },
          "sensitive_attributes": [
            [
              {
                "type": "get_attr",
                "value": "nats"
              },
              {
                "type": "index",
                "value": {
                  "value": 0,
                  "type": "number"
                }
              },
              {
                "type": "get_attr",
                "value": "project_id"
              }
            ]
          ],
          "private": "eyJlMmJmYjczMC1lY2FhLTExZTYtOGY4OC0zNDM2M2JjN2M0YzAiOnsiY3JlYXRlIjo5MDAwMDAwMDAwMDAsImRlZmF1bHQiOjkwMDAwMDAwMDAwMCwiZGVsZXRlIjo5MDAwMDAwMDAwMDAsInJlYWQiOjkwMDAwMDAwMDAwMCwidXBkYXRlIjo5MDAwMDAwMDAwMDB9fQ==",
          "dependencies": [
            "data.archive_file.function_zip",
            "scaleway_function.hello",
            "scaleway_function_namespace.hello",
            "scaleway_mnq_nats_account.hello"
          ]
        }
      ]
    },
    {
      "mode": "managed",
      "type": "scaleway_mnq_nats_account",
      "name": "hello",
      "provider": "provider[\"registry.terraform.io/scaleway/scaleway\"]",
      "instances": [
        {
          "schema_version": 0,
          "attributes": {
            "endpoint": "nats://nats.mnq.fr-par.scaleway.com:4222",
            "id": "fr-par/ADF4I5MCJDLJXULXO2CWTKMRXQH3MWAGP3UCBUVQ3X3W3ANCBPAWU57I",
            "name": "nats-acc-hello",
            "project_id": "25997adc-9bec-4e3f-b0a3-142f2f5829d5",
            "region": "fr-par"
          },
          "sensitive_attributes": [
            [
              {
                "type": "get_attr",
                "value": "project_id"
              }
            ]
          ],
          "private": "eyJzY2hlbWFfdmVyc2lvbiI6IjAifQ=="
        }
      ]
    },
    {
      "mode": "managed",
      "type": "scaleway_mnq_nats_credentials",
      "name": "hello",
      "provider": "provider[\"registry.terraform.io/scaleway/scaleway\"]",
      "instances": [
        {
          "schema_version": 0,
          "attributes": {
            "account_id": "ADF4I5MCJDLJXULXO2CWTKMRXQH3MWAGP3UCBUVQ3X3W3ANCBPAWU57I",
            "file": "-----BEGIN NATS USER JWT-----\neyJ0eXAiOiJKV1QiLCJhbGciOiJlZDI1NTE5LW5rZXkifQ.eyJqdGkiOiJHMlpXRkdGWklIWE1aRDRWSVQzNzRPVkFMS00yQklYN1lDQUhBTFhNUUZDTU9RTDNVNzJBIiwiaWF0IjoxNzE1MTQyNTc3LCJpc3MiOiJBQ0k1UElRV1dFUjdLVlFVNkU3Vk42Wjc2M09RN0lGUEhKV0lYVFpCVk1ORllXRFFPTTVFVzJSVSIsIm5hbWUiOiJuYXRzLWhlbGxvLWNyZWRzIiwic3ViIjoiVUNKN1dCTUFBTVVIWkZNSURGTlRaS0RQRjVSRVJGWTVBREdVR05NNEZDU0xKS0ZITlZHWVg0UTYiLCJuYXRzIjp7InB1YiI6e30sInN1YiI6e30sInN1YnMiOi0xLCJkYXRhIjotMSwicGF5bG9hZCI6LTEsImlzc3Vlcl9hY2NvdW50IjoiQURGNEk1TUNKRExKWFVMWE8yQ1dUS01SWFFIM01XQUdQM1VDQlVWUTNYM1czQU5DQlBBV1U1N0kiLCJ0eXBlIjoidXNlciIsInZlcnNpb24iOjJ9fQ.sFi3PRDjE6ayM6UXwnsfB0A5Gio90VaNFJAb1LaXmgxLYIpEClRDx2naUX1FdhYhqBusTYNH3Y0nIZG04tfUCQ\n------END NATS USER JWT------\n\n************************* IMPORTANT *************************\nNKEY Seed printed below can be used to sign and prove identity.\nNKEYs are sensitive and should be treated as secrets.\n\n-----BEGIN USER NKEY SEED-----\nSUAMTXDMUAML4R64MF7IURAXE4BVKMO2EGXKBYTJU5KX3RQR7BX6WT726Y\n------END USER NKEY SEED------\n\n*************************************************************\n",
            "id": "fr-par/6c8134d4-b077-4ead-8b4a-2594cb9810cb",
            "name": "nats-hello-creds",
            "region": "fr-par"
          },
          "sensitive_attributes": [],
          "private": "bnVsbA==",
          "dependencies": [
            "scaleway_mnq_nats_account.hello"
          ]
        }
      ]
    }
  ],
  "check_results": null
}
